
Microsoft Visual Studio Solution File, Format Version 12.00
# Visual Studio 14
VisualStudioVersion = 14.0.24720.0
MinimumVisualStudioVersion = 10.0.40219.1
Project("{2150E333-8FDC-42A3-9474-1A3956D46DE8}") = "Solution Items", "Solution Items", "{4AE1958B-2533-4FEC-9962-648AD4AB8655}"
	ProjectSection(SolutionItems) = preProject
		global.json = global.json
	EndProjectSection
EndProject
Project("{8BB2217D-0F2D-49D1-97BC-3654ED321F3B}") = "1-GettingStarted-Angular2", "1-GettingStarted-Angular2\1-GettingStarted-Angular2.xproj", "{1FCF406E-8317-4470-B7F4-29849E039C3C}"
EndProject
Project("{8BB2217D-0F2D-49D1-97BC-3654ED321F3B}") = "2-CookiesAuthentication", "2-CookiesAuthentication\2-CookiesAuthentication.xproj", "{F530C5BC-600C-4742-BCC3-7CB38B41AFB0}"
EndProject
Project("{8BB2217D-0F2D-49D1-97BC-3654ED321F3B}") = "3-PoliciesAuthorization", "3-PoliciesAuthorization\3-PoliciesAuthorization.xproj", "{FE2B7697-0BA3-4D07-A3C1-E7FCD5E5178B}"
EndProject
Project("{FAE04EC0-301F-11D3-BF4B-00C04F79EFBC}") = "4-IdentityServer", "4-IdentityServer\4-IdentityServer.csproj", "{891CAE53-73BF-49BA-90C6-D1E7B7B251FE}"
EndProject
Project("{8BB2217D-0F2D-49D1-97BC-3654ED321F3B}") = "5-OpenIdConnect", "5-OpenIdConnect\5-OpenIdConnect.xproj", "{158153B6-45B3-4655-99A0-930A9F15B98C}"
EndProject
Global
	GlobalSection(SolutionConfigurationPlatforms) = preSolution
		Debug|Any CPU = Debug|Any CPU
		Release|Any CPU = Release|Any CPU
	EndGlobalSection
	GlobalSection(ProjectConfigurationPlatforms) = postSolution
		{1FCF406E-8317-4470-B7F4-29849E039C3C}.Debug|Any CPU.ActiveCfg = Debug|Any CPU
		{1FCF406E-8317-4470-B7F4-29849E039C3C}.Debug|Any CPU.Build.0 = Debug|Any CPU
		{1FCF406E-8317-4470-B7F4-29849E039C3C}.Release|Any CPU.ActiveCfg = Release|Any CPU
		{1FCF406E-8317-4470-B7F4-29849E039C3C}.Release|Any CPU.Build.0 = Release|Any CPU
		{F530C5BC-600C-4742-BCC3-7CB38B41AFB0}.Debug|Any CPU.ActiveCfg = Debug|Any CPU
		{F530C5BC-600C-4742-BCC3-7CB38B41AFB0}.Debug|Any CPU.Build.0 = Debug|Any CPU
		{F530C5BC-600C-4742-BCC3-7CB38B41AFB0}.Release|Any CPU.ActiveCfg = Release|Any CPU
		{F530C5BC-600C-4742-BCC3-7CB38B41AFB0}.Release|Any CPU.Build.0 = Release|Any CPU
		{FE2B7697-0BA3-4D07-A3C1-E7FCD5E5178B}.Debug|Any CPU.ActiveCfg = Debug|Any CPU
		{FE2B7697-0BA3-4D07-A3C1-E7FCD5E5178B}.Debug|Any CPU.Build.0 = Debug|Any CPU
		{FE2B7697-0BA3-4D07-A3C1-E7FCD5E5178B}.Release|Any CPU.ActiveCfg = Release|Any CPU
		{FE2B7697-0BA3-4D07-A3C1-E7FCD5E5178B}.Release|Any CPU.Build.0 = Release|Any CPU
		{891CAE53-73BF-49BA-90C6-D1E7B7B251FE}.Debug|Any CPU.ActiveCfg = Debug|Any CPU
		{891CAE53-73BF-49BA-90C6-D1E7B7B251FE}.Debug|Any CPU.Build.0 = Debug|Any CPU
		{891CAE53-73BF-49BA-90C6-D1E7B7B251FE}.Release|Any CPU.ActiveCfg = Release|Any CPU
		{891CAE53-73BF-49BA-90C6-D1E7B7B251FE}.Release|Any CPU.Build.0 = Release|Any CPU
		{158153B6-45B3-4655-99A0-930A9F15B98C}.Debug|Any CPU.ActiveCfg = Debug|Any CPU
		{158153B6-45B3-4655-99A0-930A9F15B98C}.Debug|Any CPU.Build.0 = Debug|Any CPU
		{158153B6-45B3-4655-99A0-930A9F15B98C}.Release|Any CPU.ActiveCfg = Release|Any CPU
		{158153B6-45B3-4655-99A0-930A9F15B98C}.Release|Any CPU.Build.0 = Release|Any CPU
	EndGlobalSection
	GlobalSection(SolutionProperties) = preSolution
		HideSolutionNode = FALSE
	EndGlobalSection
EndGlobal
